{
  "name": "rushii",
  "lockfileVersion": 2,
  "requires": true,
  "packages": {
    "": {
      "dependencies": {
        "@videosdk.live/js-sdk": "^0.0.66"
      }
    },
    "node_modules/@videosdk.live/js-sdk": {
      "version": "0.0.66",
      "resolved": "https://registry.npmjs.org/@videosdk.live/js-sdk/-/js-sdk-0.0.66.tgz",
      "integrity": "sha512-7IroCrphAQDy5MdhiKsfYn6Cnq2FsmsgjUwKxO4xeP3atv4Ycdyb5PVZXWYzCIDcWJRH5Y2rjHqaId6ZvYl0JQ=="
    }
  },
  "dependencies": {
    "@videosdk.live/js-sdk": {
      "version": "0.0.66",
      "resolved": "https://registry.npmjs.org/@videosdk.live/js-sdk/-/js-sdk-0.0.66.tgz",
      "integrity": "sha512-7IroCrphAQDy5MdhiKsfYn6Cnq2FsmsgjUwKxO4xeP3atv4Ycdyb5PVZXWYzCIDcWJRH5Y2rjHqaId6ZvYl0JQ=="
    }
  }
}
